// !$*UTF8*$!
{
	archiveVersion = 1;
	classes = {
	};
	objectVersion = 48;
	objects = {

/* Begin PBXBuildFile section */
		ED2E046B2087470400F129C4 /* ScreepsHistoryView.swift in Sources */ = {isa = PBXBuildFile; fileRef = ED2E046A2087470400F129C4 /* ScreepsHistoryView.swift */; };
		ED2E046E208748DF00F129C4 /* WebKit.framework in Frameworks */ = {isa = PBXBuildFile; fileRef = ED2E046D208748DF00F129C4 /* WebKit.framework */; };
		ED2E047120874D6100F129C4 /* Foundation.framework in Frameworks */ = {isa = PBXBuildFile; fileRef = ED2E047020874D6000F129C4 /* Foundation.framework */; };
		ED652D802092C9440068C235 /* AppDelegate.swift in Sources */ = {isa = PBXBuildFile; fileRef = ED652D7F2092C9440068C235 /* AppDelegate.swift */; };
		ED652D822092C9440068C235 /* ViewController.swift in Sources */ = {isa = PBXBuildFile; fileRef = ED652D812092C9440068C235 /* ViewController.swift */; };
		ED652D852092C9440068C235 /* Main.storyboard in Resources */ = {isa = PBXBuildFile; fileRef = ED652D832092C9440068C235 /* Main.storyboard */; };
		ED652D872092C9440068C235 /* Assets.xcassets in Resources */ = {isa = PBXBuildFile; fileRef = ED652D862092C9440068C235 /* Assets.xcassets */; };
		ED652D8A2092C9440068C235 /* LaunchScreen.storyboard in Resources */ = {isa = PBXBuildFile; fileRef = ED652D882092C9440068C235 /* LaunchScreen.storyboard */; };
/* End PBXBuildFile section */

/* Begin PBXFileReference section */
		ED2E045D20873A5700F129C4 /* ScreepsHistory.saver */ = {isa = PBXFileReference; explicitFileType = wrapper.cfbundle; includeInIndex = 0; path = ScreepsHistory.saver; sourceTree = BUILT_PRODUCTS_DIR; };
		ED2E046420873A5800F129C4 /* Info.plist */ = {isa = PBXFileReference; lastKnownFileType = text.plist.xml; path = Info.plist; sourceTree = "<group>"; };
		ED2E046A2087470400F129C4 /* ScreepsHistoryView.swift */ = {isa = PBXFileReference; lastKnownFileType = sourcecode.swift; path = ScreepsHistoryView.swift; sourceTree = "<group>"; };
		ED2E046D208748DF00F129C4 /* WebKit.framework */ = {isa = PBXFileReference; lastKnownFileType = wrapper.framework; name = WebKit.framework; path = System/Library/Frameworks/WebKit.framework; sourceTree = SDKROOT; };
		ED2E047020874D6000F129C4 /* Foundation.framework */ = {isa = PBXFileReference; lastKnownFileType = wrapper.framework; name = Foundation.framework; path = System/Library/Frameworks/Foundation.framework; sourceTree = SDKROOT; };
		ED652D7D2092C9440068C235 /* ScreepsHistoryIOS.app */ = {isa = PBXFileReference; explicitFileType = wrapper.application; includeInIndex = 0; path = ScreepsHistoryIOS.app; sourceTree = BUILT_PRODUCTS_DIR; };
		ED652D7F2092C9440068C235 /* AppDelegate.swift */ = {isa = PBXFileReference; lastKnownFileType = sourcecode.swift; path = AppDelegate.swift; sourceTree = "<group>"; };
		ED652D812092C9440068C235 /* ViewController.swift */ = {isa = PBXFileReference; lastKnownFileType = sourcecode.swift; path = ViewController.swift; sourceTree = "<group>"; };
		ED652D842092C9440068C235 /* Base */ = {isa = PBXFileReference; lastKnownFileType = file.storyboard; name = Base; path = Base.lproj/Main.storyboard; sourceTree = "<group>"; };
		ED652D862092C9440068C235 /* Assets.xcassets */ = {isa = PBXFileReference; lastKnownFileType = folder.assetcatalog; path = Assets.xcassets; sourceTree = "<group>"; };
		ED652D892092C9440068C235 /* Base */ = {isa = PBXFileReference; lastKnownFileType = file.storyboard; name = Base; path = Base.lproj/LaunchScreen.storyboard; sourceTree = "<group>"; };
		ED652D8B2092C9440068C235 /* Info.plist */ = {isa = PBXFileReference; lastKnownFileType = text.plist.xml; path = Info.plist; sourceTree = "<group>"; };
/* End PBXFileReference section */

/* Begin PBXFrameworksBuildPhase section */
		ED2E045920873A5700F129C4 /* Frameworks */ = {
			isa = PBXFrameworksBuildPhase;
			buildActionMask = 2147483647;
			files = (
				ED2E047120874D6100F129C4 /* Foundation.framework in Frameworks */,
				ED2E046E208748DF00F129C4 /* WebKit.framework in Frameworks */,
			);
			runOnlyForDeploymentPostprocessing = 0;
		};
		ED652D7A2092C9440068C235 /* Frameworks */ = {
			isa = PBXFrameworksBuildPhase;
			buildActionMask = 2147483647;
			files = (
			);
			runOnlyForDeploymentPostprocessing = 0;
		};
/* End PBXFrameworksBuildPhase section */

/* Begin PBXGroup section */
		ED2E045320873A5700F129C4 = {
			isa = PBXGroup;
			children = (
				ED2E045F20873A5800F129C4 /* ScreepsHistory */,
				ED652D7E2092C9440068C235 /* ScreepsHistoryIOS */,
				ED2E045E20873A5700F129C4 /* Products */,
				ED2E046C208748DF00F129C4 /* Frameworks */,
			);
			sourceTree = "<group>";
		};
		ED2E045E20873A5700F129C4 /* Products */ = {
			isa = PBXGroup;
			children = (
				ED2E045D20873A5700F129C4 /* ScreepsHistory.saver */,
				ED652D7D2092C9440068C235 /* ScreepsHistoryIOS.app */,
			);
			name = Products;
			sourceTree = "<group>";
		};
		ED2E045F20873A5800F129C4 /* ScreepsHistory */ = {
			isa = PBXGroup;
			children = (
				ED2E046A2087470400F129C4 /* ScreepsHistoryView.swift */,
				ED2E046420873A5800F129C4 /* Info.plist */,
			);
			path = ScreepsHistory;
			sourceTree = "<group>";
		};
		ED2E046C208748DF00F129C4 /* Frameworks */ = {
			isa = PBXGroup;
			children = (
				ED2E047020874D6000F129C4 /* Foundation.framework */,
				ED2E046D208748DF00F129C4 /* WebKit.framework */,
			);
			name = Frameworks;
			sourceTree = "<group>";
		};
		ED652D7E2092C9440068C235 /* ScreepsHistoryIOS */ = {
			isa = PBXGroup;
			children = (
				ED652D7F2092C9440068C235 /* AppDelegate.swift */,
				ED652D812092C9440068C235 /* ViewController.swift */,
				ED652D832092C9440068C235 /* Main.storyboard */,
				ED652D862092C9440068C235 /* Assets.xcassets */,
				ED652D882092C9440068C235 /* LaunchScreen.storyboard */,
				ED652D8B2092C9440068C235 /* Info.plist */,
			);
			path = ScreepsHistoryIOS;
			sourceTree = "<group>";
		};
/* End PBXGroup section */

/* Begin PBXHeadersBuildPhase section */
		ED2E045A20873A5700F129C4 /* Headers */ = {
			isa = PBXHeadersBuildPhase;
			buildActionMask = 2147483647;
			files = (
			);
			runOnlyForDeploymentPostprocessing = 0;
		};
/* End PBXHeadersBuildPhase section */

/* Begin PBXNativeTarget section */
		ED2E045C20873A5700F129C4 /* ScreepsHistory */ = {
			isa = PBXNativeTarget;
			buildConfigurationList = ED2E046720873A5800F129C4 /* Build configuration list for PBXNativeTarget "ScreepsHistory" */;
			buildPhases = (
				ED2E045820873A5700F129C4 /* Sources */,
				ED2E045920873A5700F129C4 /* Frameworks */,
				ED2E045A20873A5700F129C4 /* Headers */,
				ED2E045B20873A5700F129C4 /* Resources */,
				ED2E046F208749EA00F129C4 /* ShellScript */,
			);
			buildRules = (
			);
			dependencies = (
			);
			name = ScreepsHistory;
			productName = ScreepsHistory;
			productReference = ED2E045D20873A5700F129C4 /* ScreepsHistory.saver */;
			productType = "com.apple.product-type.bundle";
		};
		ED652D7C2092C9440068C235 /* ScreepsHistoryIOS */ = {
			isa = PBXNativeTarget;
			buildConfigurationList = ED652D8E2092C9440068C235 /* Build configuration list for PBXNativeTarget "ScreepsHistoryIOS" */;
			buildPhases = (
				ED652D792092C9440068C235 /* Sources */,
				ED652D7A2092C9440068C235 /* Frameworks */,
				ED652D7B2092C9440068C235 /* Resources */,
			);
			buildRules = (
			);
			dependencies = (
			);
			name = ScreepsHistoryIOS;
			productName = ScreepsHistoryIOS;
			productReference = ED652D7D2092C9440068C235 /* ScreepsHistoryIOS.app */;
			productType = "com.apple.product-type.application";
		};
/* End PBXNativeTarget section */

/* Begin PBXProject section */
		ED2E045420873A5700F129C4 /* Project object */ = {
			isa = PBXProject;
			attributes = {
				LastSwiftUpdateCheck = 0920;
				LastUpgradeCheck = 0920;
				ORGANIZATIONNAME = Mitsuyoshi;
				TargetAttributes = {
					ED2E045C20873A5700F129C4 = {
						CreatedOnToolsVersion = 9.2;
						LastSwiftMigration = 0920;
						ProvisioningStyle = Automatic;
					};
					ED652D7C2092C9440068C235 = {
						CreatedOnToolsVersion = 9.2;
						ProvisioningStyle = Automatic;
					};
				};
			};
			buildConfigurationList = ED2E045720873A5700F129C4 /* Build configuration list for PBXProject "ScreepsHistory" */;
			compatibilityVersion = "Xcode 8.0";
			developmentRegion = en;
			hasScannedForEncodings = 0;
			knownRegions = (
				en,
				Base,
			);
			mainGroup = ED2E045320873A5700F129C4;
			productRefGroup = ED2E045E20873A5700F129C4 /* Products */;
			projectDirPath = "";
			projectRoot = "";
			targets = (
				ED2E045C20873A5700F129C4 /* ScreepsHistory */,
				ED652D7C2092C9440068C235 /* ScreepsHistoryIOS */,
			);
		};
/* End PBXProject section */

/* Begin PBXResourcesBuildPhase section */
		ED2E045B20873A5700F129C4 /* Resources */ = {
			isa = PBXResourcesBuildPhase;
			buildActionMask = 2147483647;
			files = (
			);
			runOnlyForDeploymentPostprocessing = 0;
		};
		ED652D7B2092C9440068C235 /* Resources */ = {
			isa = PBXResourcesBuildPhase;
			buildActionMask = 2147483647;
			files = (
				ED652D8A2092C9440068C235 /* LaunchScreen.storyboard in Resources */,
				ED652D872092C9440068C235 /* Assets.xcassets in Resources */,
				ED652D852092C9440068C235 /* Main.storyboard in Resources */,
			);
			runOnlyForDeploymentPostprocessing = 0;
		};
/* End PBXResourcesBuildPhase section */

/* Begin PBXShellScriptBuildPhase section */
		ED2E046F208749EA00F129C4 /* ShellScript */ = {
			isa = PBXShellScriptBuildPhase;
			buildActionMask = 2147483647;
			files = (
			);
			inputPaths = (
			);
			outputPaths = (
			);
			runOnlyForDeploymentPostprocessing = 0;
			shellPath = /bin/sh;
			shellScript = "open -W \"${CODESIGNING_FOLDER_PATH}\"";
		};
/* End PBXShellScriptBuildPhase section */

/* Begin PBXSourcesBuildPhase section */
		ED2E045820873A5700F129C4 /* Sources */ = {
			isa = PBXSourcesBuildPhase;
			buildActionMask = 2147483647;
			files = (
				ED2E046B2087470400F129C4 /* ScreepsHistoryView.swift in Sources */,
			);
			runOnlyForDeploymentPostprocessing = 0;
		};
		ED652D792092C9440068C235 /* Sources */ = {
			isa = PBXSourcesBuildPhase;
			buildActionMask = 2147483647;
			files = (
				ED652D822092C9440068C235 /* ViewController.swift in Sources */,
				ED652D802092C9440068C235 /* AppDelegate.swift in Sources */,
			);
			runOnlyForDeploymentPostprocessing = 0;
		};
/* End PBXSourcesBuildPhase section */

/* Begin PBXVariantGroup section */
		ED652D832092C9440068C235 /* Main.storyboard */ = {
			isa = PBXVariantGroup;
			children = (
				ED652D842092C9440068C235 /* Base */,
			);
			name = Main.storyboard;
			sourceTree = "<group>";
		};
		ED652D882092C9440068C235 /* LaunchScreen.storyboard */ = {
			isa = PBXVariantGroup;
			children = (
				ED652D892092C9440068C235 /* Base */,
			);
			name = LaunchScreen.storyboard;
			sourceTree = "<group>";
		};
/* End PBXVariantGroup section */

/* Begin XCBuildConfiguration section */
		ED2E046520873A5800F129C4 /* Debug */ = {
			isa = XCBuildConfiguration;
			buildSettings = {
				ALWAYS_SEARCH_USER_PATHS = NO;
				CLANG_ANALYZER_NONNULL = YES;
				CLANG_ANALYZER_NUMBER_OBJECT_CONVERSION = YES_AGGRESSIVE;
				CLANG_CXX_LANGUAGE_STANDARD = "gnu++14";
				CLANG_CXX_LIBRARY = "libc++";
				CLANG_ENABLE_MODULES = YES;
				CLANG_ENABLE_OBJC_ARC = YES;
				CLANG_WARN_BLOCK_CAPTURE_AUTORELEASING = YES;
				CLANG_WARN_BOOL_CONVERSION = YES;
				CLANG_WARN_COMMA = YES;
				CLANG_WARN_CONSTANT_CONVERSION = YES;
				CLANG_WARN_DIRECT_OBJC_ISA_USAGE = YES_ERROR;
				CLANG_WARN_DOCUMENTATION_COMMENTS = YES;
				CLANG_WARN_EMPTY_BODY = YES;
				CLANG_WARN_ENUM_CONVERSION = YES;
				CLANG_WARN_INFINITE_RECURSION = YES;
				CLANG_WARN_INT_CONVERSION = YES;
				CLANG_WARN_NON_LITERAL_NULL_CONVERSION = YES;
				CLANG_WARN_OBJC_LITERAL_CONVERSION = YES;
				CLANG_WARN_OBJC_ROOT_CLASS = YES_ERROR;
				CLANG_WARN_RANGE_LOOP_ANALYSIS = YES;
				CLANG_WARN_STRICT_PROTOTYPES = YES;
				CLANG_WARN_SUSPICIOUS_MOVE = YES;
				CLANG_WARN_UNGUARDED_AVAILABILITY = YES_AGGRESSIVE;
				CLANG_WARN_UNREACHABLE_CODE = YES;
				CLANG_WARN__DUPLICATE_METHOD_MATCH = YES;
				CODE_SIGN_IDENTITY = "-";
				COPY_PHASE_STRIP = NO;
				DEBUG_INFORMATION_FORMAT = dwarf;
				ENABLE_STRICT_OBJC_MSGSEND = YES;
				ENABLE_TESTABILITY = YES;
				GCC_C_LANGUAGE_STANDARD = gnu11;
				GCC_DYNAMIC_NO_PIC = NO;
				GCC_NO_COMMON_BLOCKS = YES;
				GCC_OPTIMIZATION_LEVEL = 0;
				GCC_PREPROCESSOR_DEFINITIONS = (
					"DEBUG=1",
					"$(inherited)",
				);
				GCC_WARN_64_TO_32_BIT_CONVERSION = YES;
				GCC_WARN_ABOUT_RETURN_TYPE = YES_ERROR;
				GCC_WARN_UNDECLARED_SELECTOR = YES;
				GCC_WARN_UNINITIALIZED_AUTOS = YES_AGGRESSIVE;
				GCC_WARN_UNUSED_FUNCTION = YES;
				GCC_WARN_UNUSED_VARIABLE = YES;
				MACOSX_DEPLOYMENT_TARGET = 10.12;
				MTL_ENABLE_DEBUG_INFO = YES;
				ONLY_ACTIVE_ARCH = YES;
				SDKROOT = macosx;
			};
			name = Debug;
		};
		ED2E046620873A5800F129C4 /* Release */ = {
			isa = XCBuildConfiguration;
			buildSettings = {
				ALWAYS_SEARCH_USER_PATHS = NO;
				CLANG_ANALYZER_NONNULL = YES;
				CLANG_ANALYZER_NUMBER_OBJECT_CONVERSION = YES_AGGRESSIVE;
				CLANG_CXX_LANGUAGE_STANDARD = "gnu++14";
				CLANG_CXX_LIBRARY = "libc++";
				CLANG_ENABLE_MODULES = YES;
				CLANG_ENABLE_OBJC_ARC = YES;
				CLANG_WARN_BLOCK_CAPTURE_AUTORELEASING = YES;
				CLANG_WARN_BOOL_CONVERSION = YES;
				CLANG_WARN_COMMA = YES;
				CLANG_WARN_CONSTANT_CONVERSION = YES;
				CLANG_WARN_DIRECT_OBJC_ISA_USAGE = YES_ERROR;
				CLANG_WARN_DOCUMENTATION_COMMENTS = YES;
				CLANG_WARN_EMPTY_BODY = YES;
				CLANG_WARN_ENUM_CONVERSION = YES;
				CLANG_WARN_INFINITE_RECURSION = YES;
				CLANG_WARN_INT_CONVERSION = YES;
				CLANG_WARN_NON_LITERAL_NULL_CONVERSION = YES;
				CLANG_WARN_OBJC_LITERAL_CONVERSION = YES;
				CLANG_WARN_OBJC_ROOT_CLASS = YES_ERROR;
				CLANG_WARN_RANGE_LOOP_ANALYSIS = YES;
				CLANG_WARN_STRICT_PROTOTYPES = YES;
				CLANG_WARN_SUSPICIOUS_MOVE = YES;
				CLANG_WARN_UNGUARDED_AVAILABILITY = YES_AGGRESSIVE;
				CLANG_WARN_UNREACHABLE_CODE = YES;
				CLANG_WARN__DUPLICATE_METHOD_MATCH = YES;
				CODE_SIGN_IDENTITY = "-";
				COPY_PHASE_STRIP = NO;
				DEBUG_INFORMATION_FORMAT = "dwarf-with-dsym";
				ENABLE_NS_ASSERTIONS = NO;
				ENABLE_STRICT_OBJC_MSGSEND = YES;
				GCC_C_LANGUAGE_STANDARD = gnu11;
				GCC_NO_COMMON_BLOCKS = YES;
				GCC_WARN_64_TO_32_BIT_CONVERSION = YES;
				GCC_WARN_ABOUT_RETURN_TYPE = YES_ERROR;
				GCC_WARN_UNDECLARED_SELECTOR = YES;
				GCC_WARN_UNINITIALIZED_AUTOS = YES_AGGRESSIVE;
				GCC_WARN_UNUSED_FUNCTION = YES;
				GCC_WARN_UNUSED_VARIABLE = YES;
				MACOSX_DEPLOYMENT_TARGET = 10.12;
				MTL_ENABLE_DEBUG_INFO = NO;
				SDKROOT = macosx;
			};
			name = Release;
		};
		ED2E046820873A5800F129C4 /* Debug */ = {
			isa = XCBuildConfiguration;
			buildSettings = {
				ALWAYS_EMBED_SWIFT_STANDARD_LIBRARIES = YES;
				CLANG_ENABLE_MODULES = YES;
				CODE_SIGN_STYLE = Automatic;
				COMBINE_HIDPI_IMAGES = YES;
				INFOPLIST_FILE = ScreepsHistory/Info.plist;
				INSTALL_PATH = "$(HOME)/Library/Screen Savers";
				LD_RUNPATH_SEARCH_PATHS = "$(inherited) @executable_path/../Frameworks @loader_path/../Frameworks";
				PRODUCT_BUNDLE_IDENTIFIER = mitsuyoshi.ScreepsHistory;
				PRODUCT_NAME = "$(TARGET_NAME)";
				SWIFT_OPTIMIZATION_LEVEL = "-Onone";
				SWIFT_VERSION = 3.0;
				WRAPPER_EXTENSION = saver;
			};
			name = Debug;
		};
		ED2E046920873A5800F129C4 /* Release */ = {
			isa = XCBuildConfiguration;
			buildSettings = {
				ALWAYS_EMBED_SWIFT_STANDARD_LIBRARIES = YES;
				CLANG_ENABLE_MODULES = YES;
				CODE_SIGN_STYLE = Automatic;
				COMBINE_HIDPI_IMAGES = YES;
				INFOPLIST_FILE = ScreepsHistory/Info.plist;
				INSTALL_PATH = "$(HOME)/Library/Screen Savers";
				LD_RUNPATH_SEARCH_PATHS = "$(inherited) @executable_path/../Frameworks @loader_path/../Frameworks";
				PRODUCT_BUNDLE_IDENTIFIER = mitsuyoshi.ScreepsHistory;
				PRODUCT_NAME = "$(TARGET_NAME)";
				SWIFT_VERSION = 3.0;
				WRAPPER_EXTENSION = saver;
			};
			name = Release;
		};
		ED652D8C2092C9440068C235 /* Debug */ = {
			isa = XCBuildConfiguration;
			buildSettings = {
				ASSETCATALOG_COMPILER_APPICON_NAME = AppIcon;
				CODE_SIGN_IDENTITY = "iPhone Developer";
				CODE_SIGN_STYLE = Automatic;
				INFOPLIST_FILE = ScreepsHistoryIOS/Info.plist;
				IPHONEOS_DEPLOYMENT_TARGET = 11.2;
				LD_RUNPATH_SEARCH_PATHS = "$(inherited) @executable_path/Frameworks";
				PRODUCT_BUNDLE_IDENTIFIER = mitsuyoshi.ScreepsHistoryIOS;
				PRODUCT_NAME = "$(TARGET_NAME)";
				SDKROOT = iphoneos;
				SWIFT_ACTIVE_COMPILATION_CONDITIONS = DEBUG;
				SWIFT_OPTIMIZATION_LEVEL = "-Onone";
				SWIFT_VERSION = 4.0;
				TARGETED_DEVICE_FAMILY = "1,2";
			};
			name = Debug;
		};
		ED652D8D2092C9440068C235 /* Release */ = {
			isa = XCBuildConfiguration;
			buildSettings = {
				ASSETCATALOG_COMPILER_APPICON_NAME = AppIcon;
				CODE_SIGN_IDENTITY = "iPhone Developer";
				CODE_SIGN_STYLE = Automatic;
				INFOPLIST_FILE = ScreepsHistoryIOS/Info.plist;
				IPHONEOS_DEPLOYMENT_TARGET = 11.2;
				LD_RUNPATH_SEARCH_PATHS = "$(inherited) @executable_path/Frameworks";
				PRODUCT_BUNDLE_IDENTIFIER = mitsuyoshi.ScreepsHistoryIOS;
				PRODUCT_NAME = "$(TARGET_NAME)";
				SDKROOT = iphoneos;
				SWIFT_OPTIMIZATION_LEVEL = "-Owholemodule";
				SWIFT_VERSION = 4.0;
				TARGETED_DEVICE_FAMILY = "1,2";
				VALIDATE_PRODUCT = YES;
			};
			name = Release;
		};
/* End XCBuildConfiguration section */

/* Begin XCConfigurationList section */
		ED2E045720873A5700F129C4 /* Build configuration list for PBXProject "ScreepsHistory" */ = {
			isa = XCConfigurationList;
			buildConfigurations = (
				ED2E046520873A5800F129C4 /* Debug */,
				ED2E046620873A5800F129C4 /* Release */,
			);
			defaultConfigurationIsVisible = 0;
			defaultConfigurationName = Release;
		};
		ED2E046720873A5800F129C4 /* Build configuration list for PBXNativeTarget "ScreepsHistory" */ = {
			isa = XCConfigurationList;
			buildConfigurations = (
				ED2E046820873A5800F129C4 /* Debug */,
				ED2E046920873A5800F129C4 /* Release */,
			);
			defaultConfigurationIsVisible = 0;
			defaultConfigurationName = Release;
		};
		ED652D8E2092C9440068C235 /* Build configuration list for PBXNativeTarget "ScreepsHistoryIOS" */ = {
			isa = XCConfigurationList;
			buildConfigurations = (
				ED652D8C2092C9440068C235 /* Debug */,
				ED652D8D2092C9440068C235 /* Release */,
			);
			defaultConfigurationIsVisible = 0;
			defaultConfigurationName = Release;
		};
/* End XCConfigurationList section */
	};
	rootObject = ED2E045420873A5700F129C4 /* Project object */;
}
